
Microsoft Visual Studio Solution File, Format Version 12.00
# Visual Studio Version 17
VisualStudioVersion = 17.4.33213.308
MinimumVisualStudioVersion = 10.0.40219.1
Project("{FAE04EC0-301F-11D3-BF4B-00C04F79EFBC}") = "IdentityDemo", "IdentityDemo\IdentityDemo.csproj", "{5F394EB5-27C0-4A10-B7FD-F12E64CFE6AD}"
EndProject
Global
	GlobalSection(SolutionConfigurationPlatforms) = preSolution
		Debug|Any CPU = Debug|Any CPU
		Release|Any CPU = Release|Any CPU
	EndGlobalSection
	GlobalSection(ProjectConfigurationPlatforms) = postSolution
		{5F394EB5-27C0-4A10-B7FD-F12E64CFE6AD}.Debug|Any CPU.ActiveCfg = Debug|Any CPU
		{5F394EB5-27C0-4A10-B7FD-F12E64CFE6AD}.Debug|Any CPU.Build.0 = Debug|Any CPU
		{5F394EB5-27C0-4A10-B7FD-F12E64CFE6AD}.Release|Any CPU.ActiveCfg = Release|Any CPU
		{5F394EB5-27C0-4A10-B7FD-F12E64CFE6AD}.Release|Any CPU.Build.0 = Release|Any CPU
	EndGlobalSection
	GlobalSection(SolutionProperties) = preSolution
		HideSolutionNode = FALSE
	EndGlobalSection
	GlobalSection(ExtensibilityGlobals) = postSolution
		SolutionGuid = {FCB247F1-FD58-48FC-A562-E891CAC31AC2}
	EndGlobalSection
EndGlobal
